// !$*UTF8*$!
{
	archiveVersion = 1;
	classes = {
	};
	objectVersion = 46;
	objects = {

/* Begin PBXBuildFile section */
		4610ED564A1985CD14A3D6A4 /* Pods_Smart_Garden.framework in Frameworks */ = {isa = PBXBuildFile; fileRef = CEF2F8B3CB2D59FF5A03BFFB /* Pods_Smart_Garden.framework */; };
		6643F68B1C36E29800840364 /* MainSettingsTableViewController.swift in Sources */ = {isa = PBXBuildFile; fileRef = 6643F68A1C36E29800840364 /* MainSettingsTableViewController.swift */; };
		6643F68F1C371CF900840364 /* ClaimGardenViewController.swift in Sources */ = {isa = PBXBuildFile; fileRef = 6643F68E1C371CF900840364 /* ClaimGardenViewController.swift */; };
		6643F6911C383F4F00840364 /* SettingTableHeader.swift in Sources */ = {isa = PBXBuildFile; fileRef = 6643F6901C383F4F00840364 /* SettingTableHeader.swift */; };
		6644CA841C4AF61D00B5B84B /* ReadingNamesTableViewController.swift in Sources */ = {isa = PBXBuildFile; fileRef = 6644CA831C4AF61D00B5B84B /* ReadingNamesTableViewController.swift */; };
		6644CA881C4AFE7A00B5B84B /* ReadingNamesDetailTableViewController.swift in Sources */ = {isa = PBXBuildFile; fileRef = 6644CA871C4AFE7A00B5B84B /* ReadingNamesDetailTableViewController.swift */; };
		668B95511BFFF8860038DF98 /* AppDelegate.swift in Sources */ = {isa = PBXBuildFile; fileRef = 668B95501BFFF8860038DF98 /* AppDelegate.swift */; };
		668B95561BFFF8860038DF98 /* Main.storyboard in Resources */ = {isa = PBXBuildFile; fileRef = 668B95541BFFF8860038DF98 /* Main.storyboard */; };
		668B95581BFFF8860038DF98 /* Assets.xcassets in Resources */ = {isa = PBXBuildFile; fileRef = 668B95571BFFF8860038DF98 /* Assets.xcassets */; };
		668B955B1BFFF8860038DF98 /* LaunchScreen.storyboard in Resources */ = {isa = PBXBuildFile; fileRef = 668B95591BFFF8860038DF98 /* LaunchScreen.storyboard */; };
		668B95691BFFFC570038DF98 /* ErrorHandling.swift in Sources */ = {isa = PBXBuildFile; fileRef = 668B95681BFFFC570038DF98 /* ErrorHandling.swift */; };
		668B956D1C00048A0038DF98 /* EventsViewController.swift in Sources */ = {isa = PBXBuildFile; fileRef = 668B956C1C00048A0038DF98 /* EventsViewController.swift */; };
		668B956F1C00049A0038DF98 /* AlarmsViewController.swift in Sources */ = {isa = PBXBuildFile; fileRef = 668B956E1C00049A0038DF98 /* AlarmsViewController.swift */; };
		668B95711C0004AB0038DF98 /* ReadingsSettingsViewController.swift in Sources */ = {isa = PBXBuildFile; fileRef = 668B95701C0004AB0038DF98 /* ReadingsSettingsViewController.swift */; };
		668B95741C0005870038DF98 /* Reading.swift in Sources */ = {isa = PBXBuildFile; fileRef = 668B95731C0005870038DF98 /* Reading.swift */; };
		668B95761C0007BB0038DF98 /* Garden.swift in Sources */ = {isa = PBXBuildFile; fileRef = 668B95751C0007BB0038DF98 /* Garden.swift */; };
		668B95991C064FDC0038DF98 /* ParseHelper.swift in Sources */ = {isa = PBXBuildFile; fileRef = 668B95981C064FDC0038DF98 /* ParseHelper.swift */; };
		668B95C41C0BE8730038DF98 /* Charts.framework in Frameworks */ = {isa = PBXBuildFile; fileRef = 668B95BF1C0BE82F0038DF98 /* Charts.framework */; };
		668B95C51C0BE8730038DF98 /* Charts.framework in Embed Frameworks */ = {isa = PBXBuildFile; fileRef = 668B95BF1C0BE82F0038DF98 /* Charts.framework */; settings = {ATTRIBUTES = (CodeSignOnCopy, RemoveHeadersOnCopy, ); }; };
		668B95CA1C0BEAB30038DF98 /* HistoryGraphViewController.swift in Sources */ = {isa = PBXBuildFile; fileRef = 668B95C91C0BEAB30038DF98 /* HistoryGraphViewController.swift */; };
		668B95CE1C0BF3F30038DF98 /* ReadingsViewController.swift in Sources */ = {isa = PBXBuildFile; fileRef = 668B95CD1C0BF3F30038DF98 /* ReadingsViewController.swift */; };
		668B95D01C0BF6FE0038DF98 /* ReadingTable2ViewCell.swift in Sources */ = {isa = PBXBuildFile; fileRef = 668B95CF1C0BF6FE0038DF98 /* ReadingTable2ViewCell.swift */; };
		668B96E61C1917FA0038DF98 /* SettingTableViewCell.swift in Sources */ = {isa = PBXBuildFile; fileRef = 668B96E51C1917FA0038DF98 /* SettingTableViewCell.swift */; };
		668B96E81C1A69640038DF98 /* ReadingTableHeader.swift in Sources */ = {isa = PBXBuildFile; fileRef = 668B96E71C1A69640038DF98 /* ReadingTableHeader.swift */; };
		66D448581C337FE900F7CE60 /* ParseLoginHelper.swift in Sources */ = {isa = PBXBuildFile; fileRef = 66D448571C337FE900F7CE60 /* ParseLoginHelper.swift */; };
/* End PBXBuildFile section */

/* Begin PBXContainerItemProxy section */
		668B95BE1C0BE82F0038DF98 /* PBXContainerItemProxy */ = {
			isa = PBXContainerItemProxy;
			containerPortal = 668B95B81C0BE82E0038DF98 /* Charts.xcodeproj */;
			proxyType = 2;
			remoteGlobalIDString = 5BA8EC401A9D14DC00CE82E1;
			remoteInfo = "Charts-iOS";
		};
		668B95C01C0BE82F0038DF98 /* PBXContainerItemProxy */ = {
			isa = PBXContainerItemProxy;
			containerPortal = 668B95B81C0BE82E0038DF98 /* Charts.xcodeproj */;
			proxyType = 2;
			remoteGlobalIDString = A52C5C371BAC5CA400594CDD;
			remoteInfo = "Charts-TV";
		};
		668B95C21C0BE82F0038DF98 /* PBXContainerItemProxy */ = {
			isa = PBXContainerItemProxy;
			containerPortal = 668B95B81C0BE82E0038DF98 /* Charts.xcodeproj */;
			proxyType = 2;
			remoteGlobalIDString = 06AEE7A21BDC3F8B009875AE;
			remoteInfo = ChartsTests;
		};
		668B95C61C0BE8730038DF98 /* PBXContainerItemProxy */ = {
			isa = PBXContainerItemProxy;
			containerPortal = 668B95B81C0BE82E0038DF98 /* Charts.xcodeproj */;
			proxyType = 1;
			remoteGlobalIDString = 5BA8EC3F1A9D14DC00CE82E1;
			remoteInfo = "Charts-iOS";
		};
/* End PBXContainerItemProxy section */

/* Begin PBXCopyFilesBuildPhase section */
		668B95C81C0BE8740038DF98 /* Embed Frameworks */ = {
			isa = PBXCopyFilesBuildPhase;
			buildActionMask = 2147483647;
			dstPath = "";
			dstSubfolderSpec = 10;
			files = (
				668B95C51C0BE8730038DF98 /* Charts.framework in Embed Frameworks */,
			);
			name = "Embed Frameworks";
			runOnlyForDeploymentPostprocessing = 0;
		};
/* End PBXCopyFilesBuildPhase section */

/* Begin PBXFileReference section */
		1E0760B336485B92A7F93F67 /* Pods-Smart Garden.release.xcconfig */ = {isa = PBXFileReference; includeInIndex = 1; lastKnownFileType = text.xcconfig; name = "Pods-Smart Garden.release.xcconfig"; path = "Pods/Target Support Files/Pods-Smart Garden/Pods-Smart Garden.release.xcconfig"; sourceTree = "<group>"; };
		6643F68A1C36E29800840364 /* MainSettingsTableViewController.swift */ = {isa = PBXFileReference; fileEncoding = 4; lastKnownFileType = sourcecode.swift; path = MainSettingsTableViewController.swift; sourceTree = "<group>"; };
		6643F68E1C371CF900840364 /* ClaimGardenViewController.swift */ = {isa = PBXFileReference; fileEncoding = 4; lastKnownFileType = sourcecode.swift; path = ClaimGardenViewController.swift; sourceTree = "<group>"; };
		6643F6901C383F4F00840364 /* SettingTableHeader.swift */ = {isa = PBXFileReference; fileEncoding = 4; lastKnownFileType = sourcecode.swift; path = SettingTableHeader.swift; sourceTree = "<group>"; };
		6644CA831C4AF61D00B5B84B /* ReadingNamesTableViewController.swift */ = {isa = PBXFileReference; fileEncoding = 4; lastKnownFileType = sourcecode.swift; path = ReadingNamesTableViewController.swift; sourceTree = "<group>"; };
		6644CA871C4AFE7A00B5B84B /* ReadingNamesDetailTableViewController.swift */ = {isa = PBXFileReference; fileEncoding = 4; lastKnownFileType = sourcecode.swift; name = ReadingNamesDetailTableViewController.swift; path = "View Controllers/ReadingNamesDetailTableViewController.swift"; sourceTree = "<group>"; };
		668B954D1BFFF8860038DF98 /* Smart Garden.app */ = {isa = PBXFileReference; explicitFileType = wrapper.application; includeInIndex = 0; path = "Smart Garden.app"; sourceTree = BUILT_PRODUCTS_DIR; };
		668B95501BFFF8860038DF98 /* AppDelegate.swift */ = {isa = PBXFileReference; lastKnownFileType = sourcecode.swift; path = AppDelegate.swift; sourceTree = "<group>"; };
		668B95551BFFF8860038DF98 /* Base */ = {isa = PBXFileReference; lastKnownFileType = file.storyboard; name = Base; path = Base.lproj/Main.storyboard; sourceTree = "<group>"; };
		668B95571BFFF8860038DF98 /* Assets.xcassets */ = {isa = PBXFileReference; lastKnownFileType = folder.assetcatalog; path = Assets.xcassets; sourceTree = "<group>"; };
		668B955A1BFFF8860038DF98 /* Base */ = {isa = PBXFileReference; lastKnownFileType = file.storyboard; name = Base; path = Base.lproj/LaunchScreen.storyboard; sourceTree = "<group>"; };
		668B955C1BFFF8860038DF98 /* Info.plist */ = {isa = PBXFileReference; lastKnownFileType = text.plist.xml; path = Info.plist; sourceTree = "<group>"; };
		668B95681BFFFC570038DF98 /* ErrorHandling.swift */ = {isa = PBXFileReference; fileEncoding = 4; lastKnownFileType = sourcecode.swift; name = ErrorHandling.swift; path = Helpers/ErrorHandling.swift; sourceTree = "<group>"; };
		668B956C1C00048A0038DF98 /* EventsViewController.swift */ = {isa = PBXFileReference; fileEncoding = 4; lastKnownFileType = sourcecode.swift; name = EventsViewController.swift; path = "View Controllers/EventsViewController.swift"; sourceTree = "<group>"; };
		668B956E1C00049A0038DF98 /* AlarmsViewController.swift */ = {isa = PBXFileReference; fileEncoding = 4; lastKnownFileType = sourcecode.swift; name = AlarmsViewController.swift; path = "View Controllers/AlarmsViewController.swift"; sourceTree = "<group>"; };
		668B95701C0004AB0038DF98 /* ReadingsSettingsViewController.swift */ = {isa = PBXFileReference; fileEncoding = 4; lastKnownFileType = sourcecode.swift; name = ReadingsSettingsViewController.swift; path = "View Controllers/ReadingsSettingsViewController.swift"; sourceTree = "<group>"; };
		668B95731C0005870038DF98 /* Reading.swift */ = {isa = PBXFileReference; fileEncoding = 4; lastKnownFileType = sourcecode.swift; path = Reading.swift; sourceTree = "<group>"; };
		668B95751C0007BB0038DF98 /* Garden.swift */ = {isa = PBXFileReference; fileEncoding = 4; lastKnownFileType = sourcecode.swift; path = Garden.swift; sourceTree = "<group>"; };
		668B95981C064FDC0038DF98 /* ParseHelper.swift */ = {isa = PBXFileReference; fileEncoding = 4; lastKnownFileType = sourcecode.swift; path = ParseHelper.swift; sourceTree = "<group>"; };
		668B95B81C0BE82E0038DF98 /* Charts.xcodeproj */ = {isa = PBXFileReference; lastKnownFileType = "wrapper.pb-project"; name = Charts.xcodeproj; path = Charts/Charts.xcodeproj; sourceTree = SOURCE_ROOT; };
		668B95C91C0BEAB30038DF98 /* HistoryGraphViewController.swift */ = {isa = PBXFileReference; fileEncoding = 4; lastKnownFileType = sourcecode.swift; name = HistoryGraphViewController.swift; path = "View Controllers/HistoryGraphViewController.swift"; sourceTree = "<group>"; };
		668B95CD1C0BF3F30038DF98 /* ReadingsViewController.swift */ = {isa = PBXFileReference; fileEncoding = 4; lastKnownFileType = sourcecode.swift; name = ReadingsViewController.swift; path = "View Controllers/ReadingsViewController.swift"; sourceTree = "<group>"; };
		668B95CF1C0BF6FE0038DF98 /* ReadingTable2ViewCell.swift */ = {isa = PBXFileReference; fileEncoding = 4; lastKnownFileType = sourcecode.swift; path = ReadingTable2ViewCell.swift; sourceTree = "<group>"; };
		668B96E51C1917FA0038DF98 /* SettingTableViewCell.swift */ = {isa = PBXFileReference; fileEncoding = 4; lastKnownFileType = sourcecode.swift; path = SettingTableViewCell.swift; sourceTree = "<group>"; };
		668B96E71C1A69640038DF98 /* ReadingTableHeader.swift */ = {isa = PBXFileReference; fileEncoding = 4; lastKnownFileType = sourcecode.swift; path = ReadingTableHeader.swift; sourceTree = "<group>"; };
		66D448571C337FE900F7CE60 /* ParseLoginHelper.swift */ = {isa = PBXFileReference; fileEncoding = 4; lastKnownFileType = sourcecode.swift; path = ParseLoginHelper.swift; sourceTree = "<group>"; };
		CD2D1438050E75CCAF99299F /* Pods-Smart Garden.debug.xcconfig */ = {isa = PBXFileReference; includeInIndex = 1; lastKnownFileType = text.xcconfig; name = "Pods-Smart Garden.debug.xcconfig"; path = "Pods/Target Support Files/Pods-Smart Garden/Pods-Smart Garden.debug.xcconfig"; sourceTree = "<group>"; };
		CEF2F8B3CB2D59FF5A03BFFB /* Pods_Smart_Garden.framework */ = {isa = PBXFileReference; explicitFileType = wrapper.framework; includeInIndex = 0; path = Pods_Smart_Garden.framework; sourceTree = BUILT_PRODUCTS_DIR; };
/* End PBXFileReference section */

/* Begin PBXFrameworksBuildPhase section */
		668B954A1BFFF8860038DF98 /* Frameworks */ = {
			isa = PBXFrameworksBuildPhase;
			buildActionMask = 2147483647;
			files = (
				4610ED564A1985CD14A3D6A4 /* Pods_Smart_Garden.framework in Frameworks */,
				668B95C41C0BE8730038DF98 /* Charts.framework in Frameworks */,
			);
			runOnlyForDeploymentPostprocessing = 0;
		};
/* End PBXFrameworksBuildPhase section */

/* Begin PBXGroup section */
		668B95441BFFF8860038DF98 = {
			isa = PBXGroup;
			children = (
				668B954F1BFFF8860038DF98 /* Smart Garden */,
				668B954E1BFFF8860038DF98 /* Products */,
				B9B5B33FFBDA3A0329628FC3 /* Pods */,
				7E8EE221D268445E307FF6CC /* Frameworks */,
			);
			sourceTree = "<group>";
		};
		668B954E1BFFF8860038DF98 /* Products */ = {
			isa = PBXGroup;
			children = (
				668B954D1BFFF8860038DF98 /* Smart Garden.app */,
			);
			name = Products;
			sourceTree = "<group>";
		};
		668B954F1BFFF8860038DF98 /* Smart Garden */ = {
			isa = PBXGroup;
			children = (
				668B95951C00D5BC0038DF98 /* Views */,
				668B95721C0005620038DF98 /* Models */,
				668B95631BFFFBC00038DF98 /* View Controllers */,
				668B95621BFFFBB90038DF98 /* Helpers */,
				668B95501BFFF8860038DF98 /* AppDelegate.swift */,
				668B95541BFFF8860038DF98 /* Main.storyboard */,
				668B95571BFFF8860038DF98 /* Assets.xcassets */,
				668B95591BFFF8860038DF98 /* LaunchScreen.storyboard */,
				668B955C1BFFF8860038DF98 /* Info.plist */,
			);
			path = "Smart Garden";
			sourceTree = "<group>";
		};
		668B95621BFFFBB90038DF98 /* Helpers */ = {
			isa = PBXGroup;
			children = (
				668B95681BFFFC570038DF98 /* ErrorHandling.swift */,
				668B95981C064FDC0038DF98 /* ParseHelper.swift */,
				66D448571C337FE900F7CE60 /* ParseLoginHelper.swift */,
			);
			name = Helpers;
			sourceTree = "<group>";
		};
		668B95631BFFFBC00038DF98 /* View Controllers */ = {
			isa = PBXGroup;
			children = (
				668B956C1C00048A0038DF98 /* EventsViewController.swift */,
				668B956E1C00049A0038DF98 /* AlarmsViewController.swift */,
				668B95701C0004AB0038DF98 /* ReadingsSettingsViewController.swift */,
				6644CA831C4AF61D00B5B84B /* ReadingNamesTableViewController.swift */,
				6644CA871C4AFE7A00B5B84B /* ReadingNamesDetailTableViewController.swift */,
				668B95C91C0BEAB30038DF98 /* HistoryGraphViewController.swift */,
				668B95CD1C0BF3F30038DF98 /* ReadingsViewController.swift */,
				6643F68A1C36E29800840364 /* MainSettingsTableViewController.swift */,
				6643F68E1C371CF900840364 /* ClaimGardenViewController.swift */,
			);
			name = "View Controllers";
			sourceTree = "<group>";
		};
		668B95721C0005620038DF98 /* Models */ = {
			isa = PBXGroup;
			children = (
				668B95731C0005870038DF98 /* Reading.swift */,
				668B95751C0007BB0038DF98 /* Garden.swift */,
			);
			name = Models;
			sourceTree = "<group>";
		};
		668B95951C00D5BC0038DF98 /* Views */ = {
			isa = PBXGroup;
			children = (
				668B95CF1C0BF6FE0038DF98 /* ReadingTable2ViewCell.swift */,
				668B96E51C1917FA0038DF98 /* SettingTableViewCell.swift */,
				668B96E71C1A69640038DF98 /* ReadingTableHeader.swift */,
				6643F6901C383F4F00840364 /* SettingTableHeader.swift */,
			);
			name = Views;
			sourceTree = "<group>";
		};
		668B95B91C0BE82E0038DF98 /* Products */ = {
			isa = PBXGroup;
			children = (
				668B95BF1C0BE82F0038DF98 /* Charts.framework */,
				668B95C11C0BE82F0038DF98 /* Charts.framework */,
				668B95C31C0BE82F0038DF98 /* ChartsTests.xctest */,
			);
			name = Products;
			sourceTree = "<group>";
		};
		7E8EE221D268445E307FF6CC /* Frameworks */ = {
			isa = PBXGroup;
			children = (
				668B95B81C0BE82E0038DF98 /* Charts.xcodeproj */,
				CEF2F8B3CB2D59FF5A03BFFB /* Pods_Smart_Garden.framework */,
			);
			name = Frameworks;
			sourceTree = "<group>";
		};
		B9B5B33FFBDA3A0329628FC3 /* Pods */ = {
			isa = PBXGroup;
			children = (
				CD2D1438050E75CCAF99299F /* Pods-Smart Garden.debug.xcconfig */,
				1E0760B336485B92A7F93F67 /* Pods-Smart Garden.release.xcconfig */,
			);
			name = Pods;
			sourceTree = "<group>";
		};
/* End PBXGroup section */

/* Begin PBXNativeTarget section */
		668B954C1BFFF8860038DF98 /* Smart Garden */ = {
			isa = PBXNativeTarget;
			buildConfigurationList = 668B955F1BFFF8860038DF98 /* Build configuration list for PBXNativeTarget "Smart Garden" */;
			buildPhases = (
				05628758EF0EEED470864BBD /* Check Pods Manifest.lock */,
				668B95491BFFF8860038DF98 /* Sources */,
				668B954A1BFFF8860038DF98 /* Frameworks */,
				668B954B1BFFF8860038DF98 /* Resources */,
				55C4E1C64DF0C174BF3F9563 /* Embed Pods Frameworks */,
				0479EDC24DBDEB48353651EE /* Copy Pods Resources */,
				668B95C81C0BE8740038DF98 /* Embed Frameworks */,
			);
			buildRules = (
			);
			dependencies = (
				668B95C71C0BE8730038DF98 /* PBXTargetDependency */,
			);
			name = "Smart Garden";
			productName = "Smart Garden";
			productReference = 668B954D1BFFF8860038DF98 /* Smart Garden.app */;
			productType = "com.apple.product-type.application";
		};
/* End PBXNativeTarget section */

/* Begin PBXProject section */
		668B95451BFFF8860038DF98 /* Project object */ = {
			isa = PBXProject;
			attributes = {
				LastSwiftUpdateCheck = 0710;
				LastUpgradeCheck = 0710;
				ORGANIZATIONNAME = FrazierApps;
				TargetAttributes = {
					668B954C1BFFF8860038DF98 = {
						CreatedOnToolsVersion = 7.1.1;
					};
				};
			};
			buildConfigurationList = 668B95481BFFF8860038DF98 /* Build configuration list for PBXProject "Smart Garden" */;
			compatibilityVersion = "Xcode 3.2";
			developmentRegion = English;
			hasScannedForEncodings = 0;
			knownRegions = (
				en,
				Base,
			);
			mainGroup = 668B95441BFFF8860038DF98;
			productRefGroup = 668B954E1BFFF8860038DF98 /* Products */;
			projectDirPath = "";
			projectReferences = (
				{
					ProductGroup = 668B95B91C0BE82E0038DF98 /* Products */;
					ProjectRef = 668B95B81C0BE82E0038DF98 /* Charts.xcodeproj */;
				},
			);
			projectRoot = "";
			targets = (
				668B954C1BFFF8860038DF98 /* Smart Garden */,
			);
		};
/* End PBXProject section */

/* Begin PBXReferenceProxy section */
		668B95BF1C0BE82F0038DF98 /* Charts.framework */ = {
			isa = PBXReferenceProxy;
			fileType = wrapper.framework;
			path = Charts.framework;
			remoteRef = 668B95BE1C0BE82F0038DF98 /* PBXContainerItemProxy */;
			sourceTree = BUILT_PRODUCTS_DIR;
		};
		668B95C11C0BE82F0038DF98 /* Charts.framework */ = {
			isa = PBXReferenceProxy;
			fileType = wrapper.framework;
			path = Charts.framework;
			remoteRef = 668B95C01C0BE82F0038DF98 /* PBXContainerItemProxy */;
			sourceTree = BUILT_PRODUCTS_DIR;
		};
		668B95C31C0BE82F0038DF98 /* ChartsTests.xctest */ = {
			isa = PBXReferenceProxy;
			fileType = wrapper.cfbundle;
			path = ChartsTests.xctest;
			remoteRef = 668B95C21C0BE82F0038DF98 /* PBXContainerItemProxy */;
			sourceTree = BUILT_PRODUCTS_DIR;
		};
/* End PBXReferenceProxy section */

/* Begin PBXResourcesBuildPhase section */
		668B954B1BFFF8860038DF98 /* Resources */ = {
			isa = PBXResourcesBuildPhase;
			buildActionMask = 2147483647;
			files = (
				668B955B1BFFF8860038DF98 /* LaunchScreen.storyboard in Resources */,
				668B95581BFFF8860038DF98 /* Assets.xcassets in Resources */,
				668B95561BFFF8860038DF98 /* Main.storyboard in Resources */,
			);
			runOnlyForDeploymentPostprocessing = 0;
		};
/* End PBXResourcesBuildPhase section */

/* Begin PBXShellScriptBuildPhase section */
		0479EDC24DBDEB48353651EE /* Copy Pods Resources */ = {
			isa = PBXShellScriptBuildPhase;
			buildActionMask = 2147483647;
			files = (
			);
			inputPaths = (
			);
			name = "Copy Pods Resources";
			outputPaths = (
			);
			runOnlyForDeploymentPostprocessing = 0;
			shellPath = /bin/sh;
			shellScript = "\"${SRCROOT}/Pods/Target Support Files/Pods-Smart Garden/Pods-Smart Garden-resources.sh\"\n";
			showEnvVarsInLog = 0;
		};
		05628758EF0EEED470864BBD /* Check Pods Manifest.lock */ = {
			isa = PBXShellScriptBuildPhase;
			buildActionMask = 2147483647;
			files = (
			);
			inputPaths = (
			);
			name = "Check Pods Manifest.lock";
			outputPaths = (
			);
			runOnlyForDeploymentPostprocessing = 0;
			shellPath = /bin/sh;
			shellScript = "diff \"${PODS_ROOT}/../Podfile.lock\" \"${PODS_ROOT}/Manifest.lock\" > /dev/null\nif [[ $? != 0 ]] ; then\n    cat << EOM\nerror: The sandbox is not in sync with the Podfile.lock. Run 'pod install' or update your CocoaPods installation.\nEOM\n    exit 1\nfi\n";
			showEnvVarsInLog = 0;
		};
		55C4E1C64DF0C174BF3F9563 /* Embed Pods Frameworks */ = {
			isa = PBXShellScriptBuildPhase;
			buildActionMask = 2147483647;
			files = (
			);
			inputPaths = (
			);
			name = "Embed Pods Frameworks";
			outputPaths = (
			);
			runOnlyForDeploymentPostprocessing = 0;
			shellPath = /bin/sh;
			shellScript = "\"${SRCROOT}/Pods/Target Support Files/Pods-Smart Garden/Pods-Smart Garden-frameworks.sh\"\n";
			showEnvVarsInLog = 0;
		};
/* End PBXShellScriptBuildPhase section */

/* Begin PBXSourcesBuildPhase section */
		668B95491BFFF8860038DF98 /* Sources */ = {
			isa = PBXSourcesBuildPhase;
			buildActionMask = 2147483647;
			files = (
				6643F68F1C371CF900840364 /* ClaimGardenViewController.swift in Sources */,
				668B95761C0007BB0038DF98 /* Garden.swift in Sources */,
				668B95691BFFFC570038DF98 /* ErrorHandling.swift in Sources */,
				668B96E61C1917FA0038DF98 /* SettingTableViewCell.swift in Sources */,
				6644CA881C4AFE7A00B5B84B /* ReadingNamesDetailTableViewController.swift in Sources */,
				6643F6911C383F4F00840364 /* SettingTableHeader.swift in Sources */,
				668B95741C0005870038DF98 /* Reading.swift in Sources */,
				6643F68B1C36E29800840364 /* MainSettingsTableViewController.swift in Sources */,
				668B96E81C1A69640038DF98 /* ReadingTableHeader.swift in Sources */,
				668B956D1C00048A0038DF98 /* EventsViewController.swift in Sources */,
				668B95CA1C0BEAB30038DF98 /* HistoryGraphViewController.swift in Sources */,
				668B95511BFFF8860038DF98 /* AppDelegate.swift in Sources */,
				668B956F1C00049A0038DF98 /* AlarmsViewController.swift in Sources */,
				66D448581C337FE900F7CE60 /* ParseLoginHelper.swift in Sources */,
				668B95711C0004AB0038DF98 /* ReadingsSettingsViewController.swift in Sources */,
				668B95991C064FDC0038DF98 /* ParseHelper.swift in Sources */,
				6644CA841C4AF61D00B5B84B /* ReadingNamesTableViewController.swift in Sources */,
				668B95CE1C0BF3F30038DF98 /* ReadingsViewController.swift in Sources */,
				668B95D01C0BF6FE0038DF98 /* ReadingTable2ViewCell.swift in Sources */,
			);
			runOnlyForDeploymentPostprocessing = 0;
		};
/* End PBXSourcesBuildPhase section */

/* Begin PBXTargetDependency section */
		668B95C71C0BE8730038DF98 /* PBXTargetDependency */ = {
			isa = PBXTargetDependency;
			name = "Charts-iOS";
			targetProxy = 668B95C61C0BE8730038DF98 /* PBXContainerItemProxy */;
		};
/* End PBXTargetDependency section */

/* Begin PBXVariantGroup section */
		668B95541BFFF8860038DF98 /* Main.storyboard */ = {
			isa = PBXVariantGroup;
			children = (
				668B95551BFFF8860038DF98 /* Base */,
			);
			name = Main.storyboard;
			sourceTree = "<group>";
		};
		668B95591BFFF8860038DF98 /* LaunchScreen.storyboard */ = {
			isa = PBXVariantGroup;
			children = (
				668B955A1BFFF8860038DF98 /* Base */,
			);
			name = LaunchScreen.storyboard;
			sourceTree = "<group>";
		};
/* End PBXVariantGroup section */

/* Begin XCBuildConfiguration section */
		668B955D1BFFF8860038DF98 /* Debug */ = {
			isa = XCBuildConfiguration;
			buildSettings = {
				ALWAYS_SEARCH_USER_PATHS = NO;
				CLANG_CXX_LANGUAGE_STANDARD = "gnu++0x";
				CLANG_CXX_LIBRARY = "libc++";
				CLANG_ENABLE_MODULES = YES;
				CLANG_ENABLE_OBJC_ARC = YES;
				CLANG_WARN_BOOL_CONVERSION = YES;
				CLANG_WARN_CONSTANT_CONVERSION = YES;
				CLANG_WARN_DIRECT_OBJC_ISA_USAGE = YES_ERROR;
				CLANG_WARN_EMPTY_BODY = YES;
				CLANG_WARN_ENUM_CONVERSION = YES;
				CLANG_WARN_INT_CONVERSION = YES;
				CLANG_WARN_OBJC_ROOT_CLASS = YES_ERROR;
				CLANG_WARN_UNREACHABLE_CODE = YES;
				CLANG_WARN__DUPLICATE_METHOD_MATCH = YES;
				"CODE_SIGN_IDENTITY[sdk=iphoneos*]" = "iPhone Developer";
				COPY_PHASE_STRIP = NO;
				DEBUG_INFORMATION_FORMAT = dwarf;
				ENABLE_STRICT_OBJC_MSGSEND = YES;
				ENABLE_TESTABILITY = YES;
				GCC_C_LANGUAGE_STANDARD = gnu99;
				GCC_DYNAMIC_NO_PIC = NO;
				GCC_NO_COMMON_BLOCKS = YES;
				GCC_OPTIMIZATION_LEVEL = 0;
				GCC_PREPROCESSOR_DEFINITIONS = (
					"DEBUG=1",
					"$(inherited)",
				);
				GCC_WARN_64_TO_32_BIT_CONVERSION = YES;
				GCC_WARN_ABOUT_RETURN_TYPE = YES_ERROR;
				GCC_WARN_UNDECLARED_SELECTOR = YES;
				GCC_WARN_UNINITIALIZED_AUTOS = YES_AGGRESSIVE;
				GCC_WARN_UNUSED_FUNCTION = YES;
				GCC_WARN_UNUSED_VARIABLE = YES;
				IPHONEOS_DEPLOYMENT_TARGET = 9.1;
				MTL_ENABLE_DEBUG_INFO = YES;
				ONLY_ACTIVE_ARCH = YES;
				SDKROOT = iphoneos;
				SWIFT_OPTIMIZATION_LEVEL = "-Onone";
			};
			name = Debug;
		};
		668B955E1BFFF8860038DF98 /* Release */ = {
			isa = XCBuildConfiguration;
			buildSettings = {
				ALWAYS_SEARCH_USER_PATHS = NO;
				CLANG_CXX_LANGUAGE_STANDARD = "gnu++0x";
				CLANG_CXX_LIBRARY = "libc++";
				CLANG_ENABLE_MODULES = YES;
				CLANG_ENABLE_OBJC_ARC = YES;
				CLANG_WARN_BOOL_CONVERSION = YES;
				CLANG_WARN_CONSTANT_CONVERSION = YES;
				CLANG_WARN_DIRECT_OBJC_ISA_USAGE = YES_ERROR;
				CLANG_WARN_EMPTY_BODY = YES;
				CLANG_WARN_ENUM_CONVERSION = YES;
				CLANG_WARN_INT_CONVERSION = YES;
				CLANG_WARN_OBJC_ROOT_CLASS = YES_ERROR;
				CLANG_WARN_UNREACHABLE_CODE = YES;
				CLANG_WARN__DUPLICATE_METHOD_MATCH = YES;
				"CODE_SIGN_IDENTITY[sdk=iphoneos*]" = "iPhone Developer";
				COPY_PHASE_STRIP = NO;
				DEBUG_INFORMATION_FORMAT = "dwarf-with-dsym";
				ENABLE_NS_ASSERTIONS = NO;
				ENABLE_STRICT_OBJC_MSGSEND = YES;
				GCC_C_LANGUAGE_STANDARD = gnu99;
				GCC_NO_COMMON_BLOCKS = YES;
				GCC_WARN_64_TO_32_BIT_CONVERSION = YES;
				GCC_WARN_ABOUT_RETURN_TYPE = YES_ERROR;
				GCC_WARN_UNDECLARED_SELECTOR = YES;
				GCC_WARN_UNINITIALIZED_AUTOS = YES_AGGRESSIVE;
				GCC_WARN_UNUSED_FUNCTION = YES;
				GCC_WARN_UNUSED_VARIABLE = YES;
				IPHONEOS_DEPLOYMENT_TARGET = 9.1;
				MTL_ENABLE_DEBUG_INFO = NO;
				SDKROOT = iphoneos;
				VALIDATE_PRODUCT = YES;
			};
			name = Release;
		};
		668B95601BFFF8860038DF98 /* Debug */ = {
			isa = XCBuildConfiguration;
			baseConfigurationReference = CD2D1438050E75CCAF99299F /* Pods-Smart Garden.debug.xcconfig */;
			buildSettings = {
				ASSETCATALOG_COMPILER_APPICON_NAME = AppIcon;
				EMBEDDED_CONTENT_CONTAINS_SWIFT = YES;
				INFOPLIST_FILE = "Smart Garden/Info.plist";
				LD_RUNPATH_SEARCH_PATHS = "$(inherited) @executable_path/Frameworks";
				PRODUCT_BUNDLE_IDENTIFIER = "com.FrazierApps.Smart-Garden";
				PRODUCT_NAME = "$(TARGET_NAME)";
				a = "";
			};
			name = Debug;
		};
		668B95611BFFF8860038DF98 /* Release */ = {
			isa = XCBuildConfiguration;
			baseConfigurationReference = 1E0760B336485B92A7F93F67 /* Pods-Smart Garden.release.xcconfig */;
			buildSettings = {
				ASSETCATALOG_COMPILER_APPICON_NAME = AppIcon;
				EMBEDDED_CONTENT_CONTAINS_SWIFT = YES;
				INFOPLIST_FILE = "Smart Garden/Info.plist";
				LD_RUNPATH_SEARCH_PATHS = "$(inherited) @executable_path/Frameworks";
				PRODUCT_BUNDLE_IDENTIFIER = "com.FrazierApps.Smart-Garden";
				PRODUCT_NAME = "$(TARGET_NAME)";
				a = "";
			};
			name = Release;
		};
/* End XCBuildConfiguration section */

/* Begin XCConfigurationList section */
		668B95481BFFF8860038DF98 /* Build configuration list for PBXProject "Smart Garden" */ = {
			isa = XCConfigurationList;
			buildConfigurations = (
				668B955D1BFFF8860038DF98 /* Debug */,
				668B955E1BFFF8860038DF98 /* Release */,
			);
			defaultConfigurationIsVisible = 0;
			defaultConfigurationName = Release;
		};
		668B955F1BFFF8860038DF98 /* Build configuration list for PBXNativeTarget "Smart Garden" */ = {
			isa = XCConfigurationList;
			buildConfigurations = (
				668B95601BFFF8860038DF98 /* Debug */,
				668B95611BFFF8860038DF98 /* Release */,
			);
			defaultConfigurationIsVisible = 0;
			defaultConfigurationName = Release;
		};
/* End XCConfigurationList section */
	};
	rootObject = 668B95451BFFF8860038DF98 /* Project object */;
}
